
Microsoft Visual Studio Solution File, Format Version 12.00
# Visual Studio Version 17
VisualStudioVersion = 17.5.33516.290
MinimumVisualStudioVersion = 10.0.40219.1
Project("{FAE04EC0-301F-11D3-BF4B-00C04F79EFBC}") = "CompareCollections", "CompareCollections\CompareCollections.csproj", "{599EC003-3158-4309-BCAC-F2AEC0B0842D}"
EndProject
Global
	GlobalSection(SolutionConfigurationPlatforms) = preSolution
		Debug|Any CPU = Debug|Any CPU
		Release|Any CPU = Release|Any CPU
	EndGlobalSection
	GlobalSection(ProjectConfigurationPlatforms) = postSolution
		{599EC003-3158-4309-BCAC-F2AEC0B0842D}.Debug|Any CPU.ActiveCfg = Debug|Any CPU
		{599EC003-3158-4309-BCAC-F2AEC0B0842D}.Debug|Any CPU.Build.0 = Debug|Any CPU
		{599EC003-3158-4309-BCAC-F2AEC0B0842D}.Release|Any CPU.ActiveCfg = Release|Any CPU
		{599EC003-3158-4309-BCAC-F2AEC0B0842D}.Release|Any CPU.Build.0 = Release|Any CPU
	EndGlobalSection
	GlobalSection(SolutionProperties) = preSolution
		HideSolutionNode = FALSE
	EndGlobalSection
	GlobalSection(ExtensibilityGlobals) = postSolution
		SolutionGuid = {8A109C79-CEE7-4CEC-BC57-40D78C99BF3E}
	EndGlobalSection
EndGlobal
